
Microsoft Visual Studio Solution File, Format Version 11.00
# Visual Studio 2010
Project("{8BC9CEB8-8B4A-11D0-8D11-00A0C91BC942}") = "tiff", "tiff.vcxproj", "{3AB86DED-6F0F-E21F-C056-768D3658200B}"
EndProject
Global
	GlobalSection(SolutionConfigurationPlatforms) = preSolution
		Debug|Win32 = Debug|Win32
		Release|Win32 = Release|Win32
		Unicode Debug|Win32 = Unicode Debug|Win32
		Unicode Release|Win32 = Unicode Release|Win32
	EndGlobalSection
	GlobalSection(ProjectConfigurationPlatforms) = postSolution
		{3AB86DED-6F0F-E21F-C056-768D3658200B}.Debug|Win32.ActiveCfg = Debug|Win32
		{3AB86DED-6F0F-E21F-C056-768D3658200B}.Debug|Win32.Build.0 = Debug|Win32
		{3AB86DED-6F0F-E21F-C056-768D3658200B}.Release|Win32.ActiveCfg = Release|Win32
		{3AB86DED-6F0F-E21F-C056-768D3658200B}.Release|Win32.Build.0 = Release|Win32
		{3AB86DED-6F0F-E21F-C056-768D3658200B}.Unicode Debug|Win32.ActiveCfg = Unicode Debug|Win32
		{3AB86DED-6F0F-E21F-C056-768D3658200B}.Unicode Debug|Win32.Build.0 = Unicode Debug|Win32
		{3AB86DED-6F0F-E21F-C056-768D3658200B}.Unicode Release|Win32.ActiveCfg = Unicode Release|Win32
		{3AB86DED-6F0F-E21F-C056-768D3658200B}.Unicode Release|Win32.Build.0 = Unicode Release|Win32
	EndGlobalSection
	GlobalSection(SolutionProperties) = preSolution
		HideSolutionNode = FALSE
	EndGlobalSection
EndGlobal
