<?xml version="1.0" encoding="utf-8"?>
<Project ToolsVersion="4.0" xmlns="http://schemas.microsoft.com/developer/msbuild/2003">
  <ItemGroup>
    <Filter Include="源文件">
      <UniqueIdentifier>{4FC737F1-C7A5-4376-A066-2A32D752A2FF}</UniqueIdentifier>
      <Extensions>cpp;c;cc;cxx;def;odl;idl;hpj;bat;asm;asmx</Extensions>
    </Filter>
    <Filter Include="头文件">
      <UniqueIdentifier>{93995380-89BD-4b04-88EB-625FBE52EBFB}</UniqueIdentifier>
      <Extensions>h;hpp;hxx;hm;inl;inc;xsd</Extensions>
    </Filter>
    <Filter Include="源文件\win">
      <UniqueIdentifier>{52327502-80c1-49ee-937a-9732ccbd0ce5}</UniqueIdentifier>
    </Filter>
  </ItemGroup>
  <ItemGroup>
    <ClCompile Include="..\..\gpu\src\gr_unittests.cpp">
      <Filter>源文件</Filter>
    </ClCompile>
    <ClCompile Include="..\..\gpu\src\GrAllocPool.cpp">
      <Filter>源文件</Filter>
    </ClCompile>
    <ClCompile Include="..\..\gpu\src\GrAtlas.cpp">
      <Filter>源文件</Filter>
    </ClCompile>
    <ClCompile Include="..\..\gpu\src\GrBufferAllocPool.cpp">
      <Filter>源文件</Filter>
    </ClCompile>
    <ClCompile Include="..\..\gpu\src\GrClip.cpp">
      <Filter>源文件</Filter>
    </ClCompile>
    <ClCompile Include="..\..\gpu\src\GrContext.cpp">
      <Filter>源文件</Filter>
    </ClCompile>
    <ClCompile Include="..\..\gpu\src\GrCreatePathRenderer_tesselated.cpp">
      <Filter>源文件</Filter>
    </ClCompile>
    <ClCompile Include="..\..\gpu\src\GrDrawTarget.cpp">
      <Filter>源文件</Filter>
    </ClCompile>
    <ClCompile Include="..\..\gpu\src\GrGLIndexBuffer.cpp">
      <Filter>源文件</Filter>
    </ClCompile>
    <ClCompile Include="..\..\gpu\src\GrGLInterface.cpp">
      <Filter>源文件</Filter>
    </ClCompile>
    <ClCompile Include="..\..\gpu\src\GrGLProgram.cpp">
      <Filter>源文件</Filter>
    </ClCompile>
    <ClCompile Include="..\..\gpu\src\GrGLTexture.cpp">
      <Filter>源文件</Filter>
    </ClCompile>
    <ClCompile Include="..\..\gpu\src\GrGLUtil.cpp">
      <Filter>源文件</Filter>
    </ClCompile>
    <ClCompile Include="..\..\gpu\src\GrGLVertexBuffer.cpp">
      <Filter>源文件</Filter>
    </ClCompile>
    <ClCompile Include="..\..\gpu\src\GrGpu.cpp">
      <Filter>源文件</Filter>
    </ClCompile>
    <ClCompile Include="..\..\gpu\src\GrGpuFactory.cpp">
      <Filter>源文件</Filter>
    </ClCompile>
    <ClCompile Include="..\..\gpu\src\GrGpuGL.cpp">
      <Filter>源文件</Filter>
    </ClCompile>
    <ClCompile Include="..\..\gpu\src\GrGpuGLFixed.cpp">
      <Filter>源文件</Filter>
    </ClCompile>
    <ClCompile Include="..\..\gpu\src\GrGpuGLShaders.cpp">
      <Filter>源文件</Filter>
    </ClCompile>
    <ClCompile Include="..\..\gpu\src\GrInOrderDrawBuffer.cpp">
      <Filter>源文件</Filter>
    </ClCompile>
    <ClCompile Include="..\..\gpu\src\GrMatrix.cpp">
      <Filter>源文件</Filter>
    </ClCompile>
    <ClCompile Include="..\..\gpu\src\GrMemory.cpp">
      <Filter>源文件</Filter>
    </ClCompile>
    <ClCompile Include="..\..\gpu\src\GrPathRenderer.cpp">
      <Filter>源文件</Filter>
    </ClCompile>
    <ClCompile Include="..\..\gpu\src\GrPathUtils.cpp">
      <Filter>源文件</Filter>
    </ClCompile>
    <ClCompile Include="..\..\gpu\src\GrRectanizer.cpp">
      <Filter>源文件</Filter>
    </ClCompile>
    <ClCompile Include="..\..\gpu\src\GrResource.cpp">
      <Filter>源文件</Filter>
    </ClCompile>
    <ClCompile Include="..\..\gpu\src\GrStencil.cpp">
      <Filter>源文件</Filter>
    </ClCompile>
    <ClCompile Include="..\..\gpu\src\GrTesselatedPathRenderer.cpp">
      <Filter>源文件</Filter>
    </ClCompile>
    <ClCompile Include="..\..\gpu\src\GrTextContext.cpp">
      <Filter>源文件</Filter>
    </ClCompile>
    <ClCompile Include="..\..\gpu\src\GrTextStrike.cpp">
      <Filter>源文件</Filter>
    </ClCompile>
    <ClCompile Include="..\..\gpu\src\GrTexture.cpp">
      <Filter>源文件</Filter>
    </ClCompile>
    <ClCompile Include="..\..\gpu\src\GrTextureCache.cpp">
      <Filter>源文件</Filter>
    </ClCompile>
    <ClCompile Include="..\..\gpu\src\win\GrGLDefaultInterface_win.cpp">
      <Filter>源文件\win</Filter>
    </ClCompile>
  </ItemGroup>
  <ItemGroup>
    <ClInclude Include="..\..\gpu\src\GrBinHashKey.h">
      <Filter>头文件</Filter>
    </ClInclude>
    <ClInclude Include="..\..\gpu\src\GrBufferAllocPool.h">
      <Filter>头文件</Filter>
    </ClInclude>
    <ClInclude Include="..\..\gpu\src\GrGLProgram.h">
      <Filter>头文件</Filter>
    </ClInclude>
    <ClInclude Include="..\..\gpu\src\GrGpuGL.h">
      <Filter>头文件</Filter>
    </ClInclude>
    <ClInclude Include="..\..\gpu\src\GrGpuGLFixed.h">
      <Filter>头文件</Filter>
    </ClInclude>
    <ClInclude Include="..\..\gpu\src\GrGpuGLShaders.h">
      <Filter>头文件</Filter>
    </ClInclude>
    <ClInclude Include="..\..\gpu\src\GrPathUtils.h">
      <Filter>头文件</Filter>
    </ClInclude>
    <ClInclude Include="..\..\gpu\src\GrRedBlackTree.h">
      <Filter>头文件</Filter>
    </ClInclude>
    <ClInclude Include="..\..\gpu\src\GrTextStrike_impl.h">
      <Filter>头文件</Filter>
    </ClInclude>
  </ItemGroup>
</Project>