
Microsoft Visual Studio Solution File, Format Version 12.00
# Visual Studio 2010
Project("{8BC9CEB8-8B4A-11D0-8D11-00A0C91BC942}") = "AFC", "AFC\AFC.vcxproj", "{57B37D68-1938-4171-8B1E-44855B7C2EDC}"
EndProject
Project("{8BC9CEB8-8B4A-11D0-8D11-00A0C91BC942}") = "ASys", "ASys\ASys.vcxproj", "{31DC8B07-F4DB-4AC0-9378-D6AE7D05A98D}"
	ProjectSection(ProjectDependencies) = postProject
		{57B37D68-1938-4171-8B1E-44855B7C2EDC} = {57B37D68-1938-4171-8B1E-44855B7C2EDC}
	EndProjectSection
EndProject
Project("{8BC9CEB8-8B4A-11D0-8D11-00A0C91BC942}") = "AUI", "AUI\AUI.vcxproj", "{21B99C9E-D5D8-4FDF-927A-69AA632BFE59}"
	ProjectSection(ProjectDependencies) = postProject
		{57B37D68-1938-4171-8B1E-44855B7C2EDC} = {57B37D68-1938-4171-8B1E-44855B7C2EDC}
		{31DC8B07-F4DB-4AC0-9378-D6AE7D05A98D} = {31DC8B07-F4DB-4AC0-9378-D6AE7D05A98D}
	EndProjectSection
EndProject
Project("{8BC9CEB8-8B4A-11D0-8D11-00A0C91BC942}") = "ImageFactory", "ImageFactory\ImageFactory.vcxproj", "{933004BF-6D9E-42D6-88F7-CA70E13AB310}"
	ProjectSection(ProjectDependencies) = postProject
		{57B37D68-1938-4171-8B1E-44855B7C2EDC} = {57B37D68-1938-4171-8B1E-44855B7C2EDC}
		{21B99C9E-D5D8-4FDF-927A-69AA632BFE59} = {21B99C9E-D5D8-4FDF-927A-69AA632BFE59}
	EndProjectSection
EndProject
Project("{8BC9CEB8-8B4A-11D0-8D11-00A0C91BC942}") = "AggRender", "AggRender\AggRender.vcxproj", "{07631887-6684-4E34-85D6-E75E1689811B}"
	ProjectSection(ProjectDependencies) = postProject
		{57B37D68-1938-4171-8B1E-44855B7C2EDC} = {57B37D68-1938-4171-8B1E-44855B7C2EDC}
		{21B99C9E-D5D8-4FDF-927A-69AA632BFE59} = {21B99C9E-D5D8-4FDF-927A-69AA632BFE59}
	EndProjectSection
EndProject
Project("{8BC9CEB8-8B4A-11D0-8D11-00A0C91BC942}") = "Demos", "Demos\Demos.vcxproj", "{1BB229DF-6FFF-4390-A7FD-14E67424253F}"
	ProjectSection(ProjectDependencies) = postProject
		{57B37D68-1938-4171-8B1E-44855B7C2EDC} = {57B37D68-1938-4171-8B1E-44855B7C2EDC}
		{31DC8B07-F4DB-4AC0-9378-D6AE7D05A98D} = {31DC8B07-F4DB-4AC0-9378-D6AE7D05A98D}
		{21B99C9E-D5D8-4FDF-927A-69AA632BFE59} = {21B99C9E-D5D8-4FDF-927A-69AA632BFE59}
		{07631887-6684-4E34-85D6-E75E1689811B} = {07631887-6684-4E34-85D6-E75E1689811B}
		{933004BF-6D9E-42D6-88F7-CA70E13AB310} = {933004BF-6D9E-42D6-88F7-CA70E13AB310}
	EndProjectSection
EndProject
Project("{8BC9CEB8-8B4A-11D0-8D11-00A0C91BC942}") = "UIDesigner", "UIDesigner\UIDesigner.vcxproj", "{F8FAAEF2-8DAA-4B61-94EA-B1B148383090}"
EndProject
Global
	GlobalSection(SolutionConfigurationPlatforms) = preSolution
		Debug|Win32 = Debug|Win32
		Release|Win32 = Release|Win32
	EndGlobalSection
	GlobalSection(ProjectConfigurationPlatforms) = postSolution
		{57B37D68-1938-4171-8B1E-44855B7C2EDC}.Debug|Win32.ActiveCfg = Debug|Win32
		{57B37D68-1938-4171-8B1E-44855B7C2EDC}.Debug|Win32.Build.0 = Debug|Win32
		{57B37D68-1938-4171-8B1E-44855B7C2EDC}.Release|Win32.ActiveCfg = Release|Win32
		{57B37D68-1938-4171-8B1E-44855B7C2EDC}.Release|Win32.Build.0 = Release|Win32
		{31DC8B07-F4DB-4AC0-9378-D6AE7D05A98D}.Debug|Win32.ActiveCfg = Debug|Win32
		{31DC8B07-F4DB-4AC0-9378-D6AE7D05A98D}.Debug|Win32.Build.0 = Debug|Win32
		{31DC8B07-F4DB-4AC0-9378-D6AE7D05A98D}.Release|Win32.ActiveCfg = Release|Win32
		{31DC8B07-F4DB-4AC0-9378-D6AE7D05A98D}.Release|Win32.Build.0 = Release|Win32
		{21B99C9E-D5D8-4FDF-927A-69AA632BFE59}.Debug|Win32.ActiveCfg = Debug|Win32
		{21B99C9E-D5D8-4FDF-927A-69AA632BFE59}.Debug|Win32.Build.0 = Debug|Win32
		{21B99C9E-D5D8-4FDF-927A-69AA632BFE59}.Release|Win32.ActiveCfg = Release|Win32
		{21B99C9E-D5D8-4FDF-927A-69AA632BFE59}.Release|Win32.Build.0 = Release|Win32
		{933004BF-6D9E-42D6-88F7-CA70E13AB310}.Debug|Win32.ActiveCfg = Debug|Win32
		{933004BF-6D9E-42D6-88F7-CA70E13AB310}.Debug|Win32.Build.0 = Debug|Win32
		{933004BF-6D9E-42D6-88F7-CA70E13AB310}.Release|Win32.ActiveCfg = Release|Win32
		{933004BF-6D9E-42D6-88F7-CA70E13AB310}.Release|Win32.Build.0 = Release|Win32
		{07631887-6684-4E34-85D6-E75E1689811B}.Debug|Win32.ActiveCfg = Debug|Win32
		{07631887-6684-4E34-85D6-E75E1689811B}.Debug|Win32.Build.0 = Debug|Win32
		{07631887-6684-4E34-85D6-E75E1689811B}.Release|Win32.ActiveCfg = Release|Win32
		{07631887-6684-4E34-85D6-E75E1689811B}.Release|Win32.Build.0 = Release|Win32
		{1BB229DF-6FFF-4390-A7FD-14E67424253F}.Debug|Win32.ActiveCfg = Debug|Win32
		{1BB229DF-6FFF-4390-A7FD-14E67424253F}.Debug|Win32.Build.0 = Debug|Win32
		{1BB229DF-6FFF-4390-A7FD-14E67424253F}.Release|Win32.ActiveCfg = Release|Win32
		{1BB229DF-6FFF-4390-A7FD-14E67424253F}.Release|Win32.Build.0 = Release|Win32
		{F8FAAEF2-8DAA-4B61-94EA-B1B148383090}.Debug|Win32.ActiveCfg = Debug|Win32
		{F8FAAEF2-8DAA-4B61-94EA-B1B148383090}.Debug|Win32.Build.0 = Debug|Win32
		{F8FAAEF2-8DAA-4B61-94EA-B1B148383090}.Release|Win32.ActiveCfg = Release|Win32
		{F8FAAEF2-8DAA-4B61-94EA-B1B148383090}.Release|Win32.Build.0 = Release|Win32
	EndGlobalSection
	GlobalSection(SolutionProperties) = preSolution
		HideSolutionNode = FALSE
	EndGlobalSection
EndGlobal
