
Microsoft Visual Studio Solution File, Format Version 11.00
# Visual Studio 2010
Project("{8BC9CEB8-8B4A-11D0-8D11-00A0C91BC942}") = "UIDesigner", "UIDesigner.vcxproj", "{F8FAAEF2-8DAA-4B61-94EA-B1B148383090}"
EndProject
Global
	GlobalSection(SolutionConfigurationPlatforms) = preSolution
		Debug|Win32 = Debug|Win32
		Release|Win32 = Release|Win32
	EndGlobalSection
	GlobalSection(ProjectConfigurationPlatforms) = postSolution
		{F8FAAEF2-8DAA-4B61-94EA-B1B148383090}.Debug|Win32.ActiveCfg = Debug|Win32
		{F8FAAEF2-8DAA-4B61-94EA-B1B148383090}.Debug|Win32.Build.0 = Debug|Win32
		{F8FAAEF2-8DAA-4B61-94EA-B1B148383090}.Release|Win32.ActiveCfg = Release|Win32
		{F8FAAEF2-8DAA-4B61-94EA-B1B148383090}.Release|Win32.Build.0 = Release|Win32
	EndGlobalSection
	GlobalSection(SolutionProperties) = preSolution
		HideSolutionNode = FALSE
	EndGlobalSection
EndGlobal
