<?xml version="1.0" encoding="utf-8"?>
<Project ToolsVersion="4.0" xmlns="http://schemas.microsoft.com/developer/msbuild/2003">
  <ItemGroup>
    <Filter Include="源文件">
      <UniqueIdentifier>{4FC737F1-C7A5-4376-A066-2A32D752A2FF}</UniqueIdentifier>
      <Extensions>cpp;c;cc;cxx;def;odl;idl;hpj;bat;asm;asmx</Extensions>
    </Filter>
    <Filter Include="头文件">
      <UniqueIdentifier>{93995380-89BD-4b04-88EB-625FBE52EBFB}</UniqueIdentifier>
      <Extensions>h;hpp;hxx;hm;inl;inc;xsd</Extensions>
    </Filter>
    <Filter Include="源文件\port">
      <UniqueIdentifier>{3b4c6c47-29cf-47f6-a321-45f324a3245d}</UniqueIdentifier>
    </Filter>
    <Filter Include="源文件\core">
      <UniqueIdentifier>{d572641d-e278-4282-8ffb-cffcfe37fdc3}</UniqueIdentifier>
    </Filter>
    <Filter Include="源文件\opts">
      <UniqueIdentifier>{dca94fbb-612a-4e5e-ab1b-3c4b9b2df805}</UniqueIdentifier>
    </Filter>
  </ItemGroup>
  <ItemGroup>
    <ClInclude Include="..\..\src\core\ARGB32_Clamp_Bilinear_BitmapShader.h">
      <Filter>头文件</Filter>
    </ClInclude>
    <ClInclude Include="..\..\src\core\SkAntiRun.h">
      <Filter>头文件</Filter>
    </ClInclude>
    <ClInclude Include="..\..\src\core\SkBitmapProcShader.h">
      <Filter>头文件</Filter>
    </ClInclude>
    <ClInclude Include="..\..\src\core\SkBitmapProcState.h">
      <Filter>头文件</Filter>
    </ClInclude>
    <ClInclude Include="..\..\src\core\SkBitmapProcState_filter.h">
      <Filter>头文件</Filter>
    </ClInclude>
    <ClInclude Include="..\..\src\core\SkBitmapProcState_matrix.h">
      <Filter>头文件</Filter>
    </ClInclude>
    <ClInclude Include="..\..\src\core\SkBitmapProcState_sample.h">
      <Filter>头文件</Filter>
    </ClInclude>
    <ClInclude Include="..\..\src\core\SkBitmapSampler.h">
      <Filter>头文件</Filter>
    </ClInclude>
    <ClInclude Include="..\..\src\core\SkBitmapSamplerTemplate.h">
      <Filter>头文件</Filter>
    </ClInclude>
    <ClInclude Include="..\..\src\core\SkBitmapShader16BilerpTemplate.h">
      <Filter>头文件</Filter>
    </ClInclude>
    <ClInclude Include="..\..\src\core\SkBitmapShaderTemplate.h">
      <Filter>头文件</Filter>
    </ClInclude>
    <ClInclude Include="..\..\src\core\SkBlitBWMaskTemplate.h">
      <Filter>头文件</Filter>
    </ClInclude>
    <ClInclude Include="..\..\src\core\SkConcaveToTriangles.h">
      <Filter>头文件</Filter>
    </ClInclude>
    <ClInclude Include="..\..\src\core\SkCordic.h">
      <Filter>头文件</Filter>
    </ClInclude>
    <ClInclude Include="..\..\src\core\SkCoreBlitters.h">
      <Filter>头文件</Filter>
    </ClInclude>
    <ClInclude Include="..\..\src\core\SkCubicClipper.h">
      <Filter>头文件</Filter>
    </ClInclude>
    <ClInclude Include="..\..\src\core\SkDrawProcs.h">
      <Filter>头文件</Filter>
    </ClInclude>
    <ClInclude Include="..\..\src\core\SkEdge.h">
      <Filter>头文件</Filter>
    </ClInclude>
    <ClInclude Include="..\..\src\core\SkEdgeBuilder.h">
      <Filter>头文件</Filter>
    </ClInclude>
    <ClInclude Include="..\..\src\core\SkFilterProc.h">
      <Filter>头文件</Filter>
    </ClInclude>
    <ClInclude Include="..\..\src\core\SkFloat.h">
      <Filter>头文件</Filter>
    </ClInclude>
    <ClInclude Include="..\..\src\core\SkFP.h">
      <Filter>头文件</Filter>
    </ClInclude>
    <ClInclude Include="..\..\src\core\SkGlyphCache.h">
      <Filter>头文件</Filter>
    </ClInclude>
    <ClInclude Include="..\..\src\core\SkPathHeap.h">
      <Filter>头文件</Filter>
    </ClInclude>
    <ClInclude Include="..\..\src\core\SkPictureFlat.h">
      <Filter>头文件</Filter>
    </ClInclude>
    <ClInclude Include="..\..\src\core\SkPicturePlayback.h">
      <Filter>头文件</Filter>
    </ClInclude>
    <ClInclude Include="..\..\src\core\SkPictureRecord.h">
      <Filter>头文件</Filter>
    </ClInclude>
    <ClInclude Include="..\..\src\core\SkQuadClipper.h">
      <Filter>头文件</Filter>
    </ClInclude>
    <ClInclude Include="..\..\src\core\SkRegionPriv.h">
      <Filter>头文件</Filter>
    </ClInclude>
    <ClInclude Include="..\..\src\core\SkScanPriv.h">
      <Filter>头文件</Filter>
    </ClInclude>
    <ClInclude Include="..\..\src\core\SkSinTable.h">
      <Filter>头文件</Filter>
    </ClInclude>
    <ClInclude Include="..\..\src\core\SkSpriteBlitter.h">
      <Filter>头文件</Filter>
    </ClInclude>
    <ClInclude Include="..\..\src\core\SkSpriteBlitterTemplate.h">
      <Filter>头文件</Filter>
    </ClInclude>
    <ClInclude Include="..\..\src\core\SkStrokerPriv.h">
      <Filter>头文件</Filter>
    </ClInclude>
    <ClInclude Include="..\..\src\core\SkTemplatesPriv.h">
      <Filter>头文件</Filter>
    </ClInclude>
    <ClInclude Include="..\..\src\core\SkTextFormatParams.h">
      <Filter>头文件</Filter>
    </ClInclude>
    <ClInclude Include="..\..\src\core\SkTSort.h">
      <Filter>头文件</Filter>
    </ClInclude>
    <ClInclude Include="..\..\src\core\SkTypefaceCache.h">
      <Filter>头文件</Filter>
    </ClInclude>
    <ClInclude Include="..\..\src\ports\sk_predefined_gamma.h">
      <Filter>源文件\port</Filter>
    </ClInclude>
  </ItemGroup>
  <ItemGroup>
    <ClCompile Include="..\..\src\core\Sk64.cpp">
      <Filter>源文件\core</Filter>
    </ClCompile>
    <ClCompile Include="..\..\src\core\SkXfermode.cpp">
      <Filter>源文件\core</Filter>
    </ClCompile>
    <ClCompile Include="..\..\src\core\SkAdvancedTypefaceMetrics.cpp">
      <Filter>源文件\core</Filter>
    </ClCompile>
    <ClCompile Include="..\..\src\core\SkAlphaRuns.cpp">
      <Filter>源文件\core</Filter>
    </ClCompile>
    <ClCompile Include="..\..\src\core\SkBitmap.cpp">
      <Filter>源文件\core</Filter>
    </ClCompile>
    <ClCompile Include="..\..\src\core\SkBitmap_scroll.cpp">
      <Filter>源文件\core</Filter>
    </ClCompile>
    <ClCompile Include="..\..\src\core\SkBitmapProcShader.cpp">
      <Filter>源文件\core</Filter>
    </ClCompile>
    <ClCompile Include="..\..\src\core\SkBitmapProcState.cpp">
      <Filter>源文件\core</Filter>
    </ClCompile>
    <ClCompile Include="..\..\src\core\SkBitmapProcState_matrixProcs.cpp">
      <Filter>源文件\core</Filter>
    </ClCompile>
    <ClCompile Include="..\..\src\core\SkBitmapSampler.cpp">
      <Filter>源文件\core</Filter>
    </ClCompile>
    <ClCompile Include="..\..\src\core\SkBlitRow_D16.cpp">
      <Filter>源文件\core</Filter>
    </ClCompile>
    <ClCompile Include="..\..\src\core\SkBlitRow_D32.cpp">
      <Filter>源文件\core</Filter>
    </ClCompile>
    <ClCompile Include="..\..\src\core\SkBlitRow_D4444.cpp">
      <Filter>源文件\core</Filter>
    </ClCompile>
    <ClCompile Include="..\..\src\core\SkBlitter.cpp">
      <Filter>源文件\core</Filter>
    </ClCompile>
    <ClCompile Include="..\..\src\core\SkBlitter_4444.cpp">
      <Filter>源文件\core</Filter>
    </ClCompile>
    <ClCompile Include="..\..\src\core\SkBlitter_A1.cpp">
      <Filter>源文件\core</Filter>
    </ClCompile>
    <ClCompile Include="..\..\src\core\SkBlitter_A8.cpp">
      <Filter>源文件\core</Filter>
    </ClCompile>
    <ClCompile Include="..\..\src\core\SkBlitter_ARGB32.cpp">
      <Filter>源文件\core</Filter>
    </ClCompile>
    <ClCompile Include="..\..\src\core\SkBlitter_RGB16.cpp">
      <Filter>源文件\core</Filter>
    </ClCompile>
    <ClCompile Include="..\..\src\core\SkBlitter_Sprite.cpp">
      <Filter>源文件\core</Filter>
    </ClCompile>
    <ClCompile Include="..\..\src\core\SkBuffer.cpp">
      <Filter>源文件\core</Filter>
    </ClCompile>
    <ClCompile Include="..\..\src\core\SkCanvas.cpp">
      <Filter>源文件\core</Filter>
    </ClCompile>
    <ClCompile Include="..\..\src\core\SkChunkAlloc.cpp">
      <Filter>源文件\core</Filter>
    </ClCompile>
    <ClCompile Include="..\..\src\core\SkClampRange.cpp">
      <Filter>源文件\core</Filter>
    </ClCompile>
    <ClCompile Include="..\..\src\core\SkClipStack.cpp">
      <Filter>源文件\core</Filter>
    </ClCompile>
    <ClCompile Include="..\..\src\core\SkColor.cpp">
      <Filter>源文件\core</Filter>
    </ClCompile>
    <ClCompile Include="..\..\src\core\SkColorFilter.cpp">
      <Filter>源文件\core</Filter>
    </ClCompile>
    <ClCompile Include="..\..\src\core\SkColorTable.cpp">
      <Filter>源文件\core</Filter>
    </ClCompile>
    <ClCompile Include="..\..\src\core\SkComposeShader.cpp">
      <Filter>源文件\core</Filter>
    </ClCompile>
    <ClCompile Include="..\..\src\core\SkConcaveToTriangles.cpp">
      <Filter>源文件\core</Filter>
    </ClCompile>
    <ClCompile Include="..\..\src\core\SkCordic.cpp">
      <Filter>源文件\core</Filter>
    </ClCompile>
    <ClCompile Include="..\..\src\core\SkCubicClipper.cpp">
      <Filter>源文件\core</Filter>
    </ClCompile>
    <ClCompile Include="..\..\src\core\SkData.cpp">
      <Filter>源文件\core</Filter>
    </ClCompile>
    <ClCompile Include="..\..\src\core\SkDebug.cpp">
      <Filter>源文件\core</Filter>
    </ClCompile>
    <ClCompile Include="..\..\src\core\SkDeque.cpp">
      <Filter>源文件\core</Filter>
    </ClCompile>
    <ClCompile Include="..\..\src\core\SkDevice.cpp">
      <Filter>源文件\core</Filter>
    </ClCompile>
    <ClCompile Include="..\..\src\core\SkDither.cpp">
      <Filter>源文件\core</Filter>
    </ClCompile>
    <ClCompile Include="..\..\src\core\SkDraw.cpp">
      <Filter>源文件\core</Filter>
    </ClCompile>
    <ClCompile Include="..\..\src\core\SkEdge.cpp">
      <Filter>源文件\core</Filter>
    </ClCompile>
    <ClCompile Include="..\..\src\core\SkEdgeBuilder.cpp">
      <Filter>源文件\core</Filter>
    </ClCompile>
    <ClCompile Include="..\..\src\core\SkEdgeClipper.cpp">
      <Filter>源文件\core</Filter>
    </ClCompile>
    <ClCompile Include="..\..\src\core\SkFilterProc.cpp">
      <Filter>源文件\core</Filter>
    </ClCompile>
    <ClCompile Include="..\..\src\core\SkFlattenable.cpp">
      <Filter>源文件\core</Filter>
    </ClCompile>
    <ClCompile Include="..\..\src\core\SkFloat.cpp">
      <Filter>源文件\core</Filter>
    </ClCompile>
    <ClCompile Include="..\..\src\core\SkFloatBits.cpp">
      <Filter>源文件\core</Filter>
    </ClCompile>
    <ClCompile Include="..\..\src\core\SkFontHost.cpp">
      <Filter>源文件\core</Filter>
    </ClCompile>
    <ClCompile Include="..\..\src\core\SkGeometry.cpp">
      <Filter>源文件\core</Filter>
    </ClCompile>
    <ClCompile Include="..\..\src\core\SkGlobals.cpp">
      <Filter>源文件\core</Filter>
    </ClCompile>
    <ClCompile Include="..\..\src\core\SkGlyphCache.cpp">
      <Filter>源文件\core</Filter>
    </ClCompile>
    <ClCompile Include="..\..\src\core\SkGraphics.cpp">
      <Filter>源文件\core</Filter>
    </ClCompile>
    <ClCompile Include="..\..\src\core\SkLineClipper.cpp">
      <Filter>源文件\core</Filter>
    </ClCompile>
    <ClCompile Include="..\..\src\core\SkMallocPixelRef.cpp">
      <Filter>源文件\core</Filter>
    </ClCompile>
    <ClCompile Include="..\..\src\core\SkMask.cpp">
      <Filter>源文件\core</Filter>
    </ClCompile>
    <ClCompile Include="..\..\src\core\SkMaskFilter.cpp">
      <Filter>源文件\core</Filter>
    </ClCompile>
    <ClCompile Include="..\..\src\core\SkMath.cpp">
      <Filter>源文件\core</Filter>
    </ClCompile>
    <ClCompile Include="..\..\src\core\SkMatrix.cpp">
      <Filter>源文件\core</Filter>
    </ClCompile>
    <ClCompile Include="..\..\src\core\SkMetaData.cpp">
      <Filter>源文件\core</Filter>
    </ClCompile>
    <ClCompile Include="..\..\src\core\SkPaint.cpp">
      <Filter>源文件\core</Filter>
    </ClCompile>
    <ClCompile Include="..\..\src\core\SkPath.cpp">
      <Filter>源文件\core</Filter>
    </ClCompile>
    <ClCompile Include="..\..\src\core\SkPathEffect.cpp">
      <Filter>源文件\core</Filter>
    </ClCompile>
    <ClCompile Include="..\..\src\core\SkPathHeap.cpp">
      <Filter>源文件\core</Filter>
    </ClCompile>
    <ClCompile Include="..\..\src\core\SkPathMeasure.cpp">
      <Filter>源文件\core</Filter>
    </ClCompile>
    <ClCompile Include="..\..\src\core\SkPicture.cpp">
      <Filter>源文件\core</Filter>
    </ClCompile>
    <ClCompile Include="..\..\src\core\SkPictureFlat.cpp">
      <Filter>源文件\core</Filter>
    </ClCompile>
    <ClCompile Include="..\..\src\core\SkPicturePlayback.cpp">
      <Filter>源文件\core</Filter>
    </ClCompile>
    <ClCompile Include="..\..\src\core\SkPictureRecord.cpp">
      <Filter>源文件\core</Filter>
    </ClCompile>
    <ClCompile Include="..\..\src\core\SkPixelRef.cpp">
      <Filter>源文件\core</Filter>
    </ClCompile>
    <ClCompile Include="..\..\src\core\SkPoint.cpp">
      <Filter>源文件\core</Filter>
    </ClCompile>
    <ClCompile Include="..\..\src\core\SkProcSpriteBlitter.cpp">
      <Filter>源文件\core</Filter>
    </ClCompile>
    <ClCompile Include="..\..\src\core\SkPtrRecorder.cpp">
      <Filter>源文件\core</Filter>
    </ClCompile>
    <ClCompile Include="..\..\src\core\SkQuadClipper.cpp">
      <Filter>源文件\core</Filter>
    </ClCompile>
    <ClCompile Include="..\..\src\core\SkRasterizer.cpp">
      <Filter>源文件\core</Filter>
    </ClCompile>
    <ClCompile Include="..\..\src\core\SkRect.cpp">
      <Filter>源文件\core</Filter>
    </ClCompile>
    <ClCompile Include="..\..\src\core\SkRefDict.cpp">
      <Filter>源文件\core</Filter>
    </ClCompile>
    <ClCompile Include="..\..\src\core\SkRegion.cpp">
      <Filter>源文件\core</Filter>
    </ClCompile>
    <ClCompile Include="..\..\src\core\SkRegion_path.cpp">
      <Filter>源文件\core</Filter>
    </ClCompile>
    <ClCompile Include="..\..\src\core\SkScalar.cpp">
      <Filter>源文件\core</Filter>
    </ClCompile>
    <ClCompile Include="..\..\src\core\SkScalerContext.cpp">
      <Filter>源文件\core</Filter>
    </ClCompile>
    <ClCompile Include="..\..\src\core\SkScan.cpp">
      <Filter>源文件\core</Filter>
    </ClCompile>
    <ClCompile Include="..\..\src\core\SkScan_Antihair.cpp">
      <Filter>源文件\core</Filter>
    </ClCompile>
    <ClCompile Include="..\..\src\core\SkScan_AntiPath.cpp">
      <Filter>源文件\core</Filter>
    </ClCompile>
    <ClCompile Include="..\..\src\core\SkScan_Hairline.cpp">
      <Filter>源文件\core</Filter>
    </ClCompile>
    <ClCompile Include="..\..\src\core\SkScan_Path.cpp">
      <Filter>源文件\core</Filter>
    </ClCompile>
    <ClCompile Include="..\..\src\core\SkShader.cpp">
      <Filter>源文件\core</Filter>
    </ClCompile>
    <ClCompile Include="..\..\src\core\SkShape.cpp">
      <Filter>源文件\core</Filter>
    </ClCompile>
    <ClCompile Include="..\..\src\core\SkSpriteBlitter_ARGB32.cpp">
      <Filter>源文件\core</Filter>
    </ClCompile>
    <ClCompile Include="..\..\src\core\SkSpriteBlitter_RGB16.cpp">
      <Filter>源文件\core</Filter>
    </ClCompile>
    <ClCompile Include="..\..\src\core\SkStream.cpp">
      <Filter>源文件\core</Filter>
    </ClCompile>
    <ClCompile Include="..\..\src\core\SkString.cpp">
      <Filter>源文件\core</Filter>
    </ClCompile>
    <ClCompile Include="..\..\src\core\SkStroke.cpp">
      <Filter>源文件\core</Filter>
    </ClCompile>
    <ClCompile Include="..\..\src\core\SkStrokerPriv.cpp">
      <Filter>源文件\core</Filter>
    </ClCompile>
    <ClCompile Include="..\..\src\core\SkTSearch.cpp">
      <Filter>源文件\core</Filter>
    </ClCompile>
    <ClCompile Include="..\..\src\core\SkTypeface.cpp">
      <Filter>源文件\core</Filter>
    </ClCompile>
    <ClCompile Include="..\..\src\core\SkTypefaceCache.cpp">
      <Filter>源文件\core</Filter>
    </ClCompile>
    <ClCompile Include="..\..\src\core\SkUnPreMultiply.cpp">
      <Filter>源文件\core</Filter>
    </ClCompile>
    <ClCompile Include="..\..\src\core\SkUtils.cpp">
      <Filter>源文件\core</Filter>
    </ClCompile>
    <ClCompile Include="..\..\src\core\SkWriter32.cpp">
      <Filter>源文件\core</Filter>
    </ClCompile>
    <ClCompile Include="..\..\src\opts\opts_check_SSE2.cpp">
      <Filter>源文件\opts</Filter>
    </ClCompile>
    <ClCompile Include="..\..\src\ports\SkDebug_win.cpp">
      <Filter>源文件\port</Filter>
    </ClCompile>
    <ClCompile Include="..\..\src\ports\SkFontHost_tables.cpp">
      <Filter>源文件\port</Filter>
    </ClCompile>
    <ClCompile Include="..\..\src\ports\SkFontHost_win.cpp">
      <Filter>源文件\port</Filter>
    </ClCompile>
    <ClCompile Include="..\..\src\ports\SkGlobals_global.cpp">
      <Filter>源文件\port</Filter>
    </ClCompile>
    <ClCompile Include="..\..\src\ports\SkMemory_malloc.cpp">
      <Filter>源文件\port</Filter>
    </ClCompile>
    <ClCompile Include="..\..\src\ports\SkOSFile_stdio.cpp">
      <Filter>源文件\port</Filter>
    </ClCompile>
    <ClCompile Include="..\..\src\ports\SkThread_win.cpp">
      <Filter>源文件\port</Filter>
    </ClCompile>
    <ClCompile Include="..\..\src\ports\SkTime_win.cpp">
      <Filter>源文件\port</Filter>
    </ClCompile>
    <ClCompile Include="..\..\src\ports\SkXMLParser_empty.cpp">
      <Filter>源文件\port</Filter>
    </ClCompile>
    <ClCompile Include="..\..\src\core\SkPackBits.cpp">
      <Filter>源文件\core</Filter>
    </ClCompile>
  </ItemGroup>
</Project>