<?xml version="1.0" encoding="utf-8"?>
<Project ToolsVersion="4.0" xmlns="http://schemas.microsoft.com/developer/msbuild/2003">
  <ItemGroup>
    <Filter Include="Source Files">
      <UniqueIdentifier>{f30c8dc0-34da-45e8-b0b9-50b05ba31fd1}</UniqueIdentifier>
      <Extensions>cpp;c;cxx;rc;def;r;odl;idl;hpj;bat</Extensions>
    </Filter>
    <Filter Include="Header Files">
      <UniqueIdentifier>{be451fd0-f3c9-43a1-b442-2c37b9896c51}</UniqueIdentifier>
      <Extensions>h;hpp;hxx;hm;inl</Extensions>
    </Filter>
  </ItemGroup>
  <ItemGroup>
    <ClCompile Include="jbig.c">
      <Filter>Source Files</Filter>
    </ClCompile>
    <ClCompile Include="jbig_tab.c">
      <Filter>Source Files</Filter>
    </ClCompile>
  </ItemGroup>
  <ItemGroup>
    <ClInclude Include="jbig.h">
      <Filter>Header Files</Filter>
    </ClInclude>
  </ItemGroup>
</Project>