
Microsoft Visual Studio Solution File, Format Version 11.00
# Visual Studio 2010
Project("{8BC9CEB8-8B4A-11D0-8D11-00A0C91BC942}") = "jasper", "jasper.vcxproj", "{37076572-274F-416A-A07D-6A93CCC4292A}"
EndProject
Global
	GlobalSection(SolutionConfigurationPlatforms) = preSolution
		Debug|Win32 = Debug|Win32
		Release|Win32 = Release|Win32
		Unicode Debug|Win32 = Unicode Debug|Win32
		Unicode Release|Win32 = Unicode Release|Win32
	EndGlobalSection
	GlobalSection(ProjectConfigurationPlatforms) = postSolution
		{37076572-274F-416A-A07D-6A93CCC4292A}.Debug|Win32.ActiveCfg = Debug|Win32
		{37076572-274F-416A-A07D-6A93CCC4292A}.Debug|Win32.Build.0 = Debug|Win32
		{37076572-274F-416A-A07D-6A93CCC4292A}.Release|Win32.ActiveCfg = Release|Win32
		{37076572-274F-416A-A07D-6A93CCC4292A}.Release|Win32.Build.0 = Release|Win32
		{37076572-274F-416A-A07D-6A93CCC4292A}.Unicode Debug|Win32.ActiveCfg = Unicode Debug|Win32
		{37076572-274F-416A-A07D-6A93CCC4292A}.Unicode Debug|Win32.Build.0 = Unicode Debug|Win32
		{37076572-274F-416A-A07D-6A93CCC4292A}.Unicode Release|Win32.ActiveCfg = Unicode Release|Win32
		{37076572-274F-416A-A07D-6A93CCC4292A}.Unicode Release|Win32.Build.0 = Unicode Release|Win32
	EndGlobalSection
	GlobalSection(SolutionProperties) = preSolution
		HideSolutionNode = FALSE
	EndGlobalSection
EndGlobal
