
Microsoft Visual Studio Solution File, Format Version 10.00
# Visual Studio 2008
Project("{8BC9CEB8-8B4A-11D0-8D11-00A0C91BC942}") = "AUI", "AUI.vcproj", "{F7BECF74-7928-481A-9AFC-34CE7E9291CA}"
	ProjectSection(ProjectDependencies) = postProject
		{D0B32A6A-6743-49E4-9270-625A19DEEAC1} = {D0B32A6A-6743-49E4-9270-625A19DEEAC1}
		{3604F287-2FC9-490A-838E-DF9CC76C5F05} = {3604F287-2FC9-490A-838E-DF9CC76C5F05}
	EndProjectSection
EndProject
Project("{8BC9CEB8-8B4A-11D0-8D11-00A0C91BC942}") = "AFC", "..\AFC\AFC.vcproj", "{D0B32A6A-6743-49E4-9270-625A19DEEAC1}"
EndProject
Project("{8BC9CEB8-8B4A-11D0-8D11-00A0C91BC942}") = "ASYS", "..\ASYS\ASYS.vcproj", "{3604F287-2FC9-490A-838E-DF9CC76C5F05}"
	ProjectSection(ProjectDependencies) = postProject
		{D0B32A6A-6743-49E4-9270-625A19DEEAC1} = {D0B32A6A-6743-49E4-9270-625A19DEEAC1}
	EndProjectSection
EndProject
Project("{8BC9CEB8-8B4A-11D0-8D11-00A0C91BC942}") = "ImageFactory", "..\ImageFactory\ImageFactory.vcproj", "{A5062136-F95C-4BEA-8DE5-9ED6830B0157}"
	ProjectSection(ProjectDependencies) = postProject
		{D0B32A6A-6743-49E4-9270-625A19DEEAC1} = {D0B32A6A-6743-49E4-9270-625A19DEEAC1}
		{F7BECF74-7928-481A-9AFC-34CE7E9291CA} = {F7BECF74-7928-481A-9AFC-34CE7E9291CA}
		{3604F287-2FC9-490A-838E-DF9CC76C5F05} = {3604F287-2FC9-490A-838E-DF9CC76C5F05}
	EndProjectSection
EndProject
Project("{8BC9CEB8-8B4A-11D0-8D11-00A0C91BC942}") = "SkiaRender", "..\SkiaRender\SkiaRender.vcproj", "{85D9EDB4-BDC8-4F70-96A5-B50A11343876}"
	ProjectSection(ProjectDependencies) = postProject
		{D0B32A6A-6743-49E4-9270-625A19DEEAC1} = {D0B32A6A-6743-49E4-9270-625A19DEEAC1}
		{F7BECF74-7928-481A-9AFC-34CE7E9291CA} = {F7BECF74-7928-481A-9AFC-34CE7E9291CA}
		{3604F287-2FC9-490A-838E-DF9CC76C5F05} = {3604F287-2FC9-490A-838E-DF9CC76C5F05}
	EndProjectSection
EndProject
Project("{8BC9CEB8-8B4A-11D0-8D11-00A0C91BC942}") = "UIDesigner", "..\UIDesigner\UIDesigner.vcproj", "{2621588E-7F06-4E2C-816D-31D73AB983F5}"
	ProjectSection(ProjectDependencies) = postProject
		{A5062136-F95C-4BEA-8DE5-9ED6830B0157} = {A5062136-F95C-4BEA-8DE5-9ED6830B0157}
		{D0B32A6A-6743-49E4-9270-625A19DEEAC1} = {D0B32A6A-6743-49E4-9270-625A19DEEAC1}
		{F7BECF74-7928-481A-9AFC-34CE7E9291CA} = {F7BECF74-7928-481A-9AFC-34CE7E9291CA}
		{3604F287-2FC9-490A-838E-DF9CC76C5F05} = {3604F287-2FC9-490A-838E-DF9CC76C5F05}
		{85D9EDB4-BDC8-4F70-96A5-B50A11343876} = {85D9EDB4-BDC8-4F70-96A5-B50A11343876}
	EndProjectSection
EndProject
Global
	GlobalSection(SolutionConfigurationPlatforms) = preSolution
		Debug|Win32 = Debug|Win32
		Release|Win32 = Release|Win32
	EndGlobalSection
	GlobalSection(ProjectConfigurationPlatforms) = postSolution
		{F7BECF74-7928-481A-9AFC-34CE7E9291CA}.Debug|Win32.ActiveCfg = Debug|Win32
		{F7BECF74-7928-481A-9AFC-34CE7E9291CA}.Debug|Win32.Build.0 = Debug|Win32
		{F7BECF74-7928-481A-9AFC-34CE7E9291CA}.Release|Win32.ActiveCfg = Release|Win32
		{F7BECF74-7928-481A-9AFC-34CE7E9291CA}.Release|Win32.Build.0 = Release|Win32
		{D0B32A6A-6743-49E4-9270-625A19DEEAC1}.Debug|Win32.ActiveCfg = Debug|Win32
		{D0B32A6A-6743-49E4-9270-625A19DEEAC1}.Debug|Win32.Build.0 = Debug|Win32
		{D0B32A6A-6743-49E4-9270-625A19DEEAC1}.Release|Win32.ActiveCfg = Release|Win32
		{D0B32A6A-6743-49E4-9270-625A19DEEAC1}.Release|Win32.Build.0 = Release|Win32
		{3604F287-2FC9-490A-838E-DF9CC76C5F05}.Debug|Win32.ActiveCfg = Debug|Win32
		{3604F287-2FC9-490A-838E-DF9CC76C5F05}.Debug|Win32.Build.0 = Debug|Win32
		{3604F287-2FC9-490A-838E-DF9CC76C5F05}.Release|Win32.ActiveCfg = Release|Win32
		{3604F287-2FC9-490A-838E-DF9CC76C5F05}.Release|Win32.Build.0 = Release|Win32
		{A5062136-F95C-4BEA-8DE5-9ED6830B0157}.Debug|Win32.ActiveCfg = Debug|Win32
		{A5062136-F95C-4BEA-8DE5-9ED6830B0157}.Debug|Win32.Build.0 = Debug|Win32
		{A5062136-F95C-4BEA-8DE5-9ED6830B0157}.Release|Win32.ActiveCfg = Release|Win32
		{A5062136-F95C-4BEA-8DE5-9ED6830B0157}.Release|Win32.Build.0 = Release|Win32
		{85D9EDB4-BDC8-4F70-96A5-B50A11343876}.Debug|Win32.ActiveCfg = Debug|Win32
		{85D9EDB4-BDC8-4F70-96A5-B50A11343876}.Debug|Win32.Build.0 = Debug|Win32
		{85D9EDB4-BDC8-4F70-96A5-B50A11343876}.Release|Win32.ActiveCfg = Release|Win32
		{85D9EDB4-BDC8-4F70-96A5-B50A11343876}.Release|Win32.Build.0 = Release|Win32
		{2621588E-7F06-4E2C-816D-31D73AB983F5}.Debug|Win32.ActiveCfg = Debug|Win32
		{2621588E-7F06-4E2C-816D-31D73AB983F5}.Debug|Win32.Build.0 = Debug|Win32
		{2621588E-7F06-4E2C-816D-31D73AB983F5}.Release|Win32.ActiveCfg = Release|Win32
		{2621588E-7F06-4E2C-816D-31D73AB983F5}.Release|Win32.Build.0 = Release|Win32
	EndGlobalSection
	GlobalSection(SolutionProperties) = preSolution
		HideSolutionNode = FALSE
	EndGlobalSection
EndGlobal
