<?xml version="1.0" encoding="utf-8"?>
<Project ToolsVersion="4.0" xmlns="http://schemas.microsoft.com/developer/msbuild/2003">
  <ItemGroup>
    <Filter Include="源文件">
      <UniqueIdentifier>{4FC737F1-C7A5-4376-A066-2A32D752A2FF}</UniqueIdentifier>
      <Extensions>cpp;c;cc;cxx;def;odl;idl;hpj;bat;asm;asmx</Extensions>
    </Filter>
    <Filter Include="头文件">
      <UniqueIdentifier>{93995380-89BD-4b04-88EB-625FBE52EBFB}</UniqueIdentifier>
      <Extensions>h;hpp;hxx;hm;inl;inc;xsd</Extensions>
    </Filter>
  </ItemGroup>
  <ItemGroup>
    <ClInclude Include="..\..\src\animator\SkAnimate.h">
      <Filter>头文件</Filter>
    </ClInclude>
    <ClInclude Include="..\..\src\animator\SkAnimateActive.h">
      <Filter>头文件</Filter>
    </ClInclude>
    <ClInclude Include="..\..\src\animator\SkAnimateBase.h">
      <Filter>头文件</Filter>
    </ClInclude>
    <ClInclude Include="..\..\src\animator\SkAnimateMaker.h">
      <Filter>头文件</Filter>
    </ClInclude>
    <ClInclude Include="..\..\src\animator\SkAnimateProperties.h">
      <Filter>头文件</Filter>
    </ClInclude>
    <ClInclude Include="..\..\src\animator\SkAnimateSet.h">
      <Filter>头文件</Filter>
    </ClInclude>
    <ClInclude Include="..\..\src\animator\SkAnimatorScript.h">
      <Filter>头文件</Filter>
    </ClInclude>
    <ClInclude Include="..\..\src\animator\SkAnimatorScript2.h">
      <Filter>头文件</Filter>
    </ClInclude>
    <ClInclude Include="..\..\src\animator\SkBase64.h">
      <Filter>头文件</Filter>
    </ClInclude>
    <ClInclude Include="..\..\src\animator\SkBoundable.h">
      <Filter>头文件</Filter>
    </ClInclude>
    <ClInclude Include="..\..\src\animator\SkDisplayable.h">
      <Filter>头文件</Filter>
    </ClInclude>
    <ClInclude Include="..\..\src\animator\SkDisplayAdd.h">
      <Filter>头文件</Filter>
    </ClInclude>
    <ClInclude Include="..\..\src\animator\SkDisplayApply.h">
      <Filter>头文件</Filter>
    </ClInclude>
    <ClInclude Include="..\..\src\animator\SkDisplayBounds.h">
      <Filter>头文件</Filter>
    </ClInclude>
    <ClInclude Include="..\..\src\animator\SkDisplayEvent.h">
      <Filter>头文件</Filter>
    </ClInclude>
    <ClInclude Include="..\..\src\animator\SkDisplayEvents.h">
      <Filter>头文件</Filter>
    </ClInclude>
    <ClInclude Include="..\..\src\animator\SkDisplayInclude.h">
      <Filter>头文件</Filter>
    </ClInclude>
    <ClInclude Include="..\..\src\animator\SkDisplayInput.h">
      <Filter>头文件</Filter>
    </ClInclude>
    <ClInclude Include="..\..\src\animator\SkDisplayList.h">
      <Filter>头文件</Filter>
    </ClInclude>
    <ClInclude Include="..\..\src\animator\SkDisplayMath.h">
      <Filter>头文件</Filter>
    </ClInclude>
    <ClInclude Include="..\..\src\animator\SkDisplayMovie.h">
      <Filter>头文件</Filter>
    </ClInclude>
    <ClInclude Include="..\..\src\animator\SkDisplayNumber.h">
      <Filter>头文件</Filter>
    </ClInclude>
    <ClInclude Include="..\..\src\animator\SkDisplayPost.h">
      <Filter>头文件</Filter>
    </ClInclude>
    <ClInclude Include="..\..\src\animator\SkDisplayRandom.h">
      <Filter>头文件</Filter>
    </ClInclude>
    <ClInclude Include="..\..\src\animator\SkDisplayScreenplay.h">
      <Filter>头文件</Filter>
    </ClInclude>
    <ClInclude Include="..\..\src\animator\SkDisplayType.h">
      <Filter>头文件</Filter>
    </ClInclude>
    <ClInclude Include="..\..\src\animator\SkDisplayTypes.h">
      <Filter>头文件</Filter>
    </ClInclude>
    <ClInclude Include="..\..\src\animator\SkDisplayXMLParser.h">
      <Filter>头文件</Filter>
    </ClInclude>
    <ClInclude Include="..\..\src\animator\SkDraw3D.h">
      <Filter>头文件</Filter>
    </ClInclude>
    <ClInclude Include="..\..\src\animator\SkDrawable.h">
      <Filter>头文件</Filter>
    </ClInclude>
    <ClInclude Include="..\..\src\animator\SkDrawBitmap.h">
      <Filter>头文件</Filter>
    </ClInclude>
    <ClInclude Include="..\..\src\animator\SkDrawBlur.h">
      <Filter>头文件</Filter>
    </ClInclude>
    <ClInclude Include="..\..\src\animator\SkDrawClip.h">
      <Filter>头文件</Filter>
    </ClInclude>
    <ClInclude Include="..\..\src\animator\SkDrawColor.h">
      <Filter>头文件</Filter>
    </ClInclude>
    <ClInclude Include="..\..\src\animator\SkDrawDash.h">
      <Filter>头文件</Filter>
    </ClInclude>
    <ClInclude Include="..\..\src\animator\SkDrawDiscrete.h">
      <Filter>头文件</Filter>
    </ClInclude>
    <ClInclude Include="..\..\src\animator\SkDrawEmboss.h">
      <Filter>头文件</Filter>
    </ClInclude>
    <ClInclude Include="..\..\src\animator\SkDrawFull.h">
      <Filter>头文件</Filter>
    </ClInclude>
    <ClInclude Include="..\..\src\animator\SkDrawGradient.h">
      <Filter>头文件</Filter>
    </ClInclude>
    <ClInclude Include="..\..\src\animator\SkDrawGroup.h">
      <Filter>头文件</Filter>
    </ClInclude>
    <ClInclude Include="..\..\src\animator\SkDrawLine.h">
      <Filter>头文件</Filter>
    </ClInclude>
    <ClInclude Include="..\..\src\animator\SkDrawMatrix.h">
      <Filter>头文件</Filter>
    </ClInclude>
    <ClInclude Include="..\..\src\animator\SkDrawOval.h">
      <Filter>头文件</Filter>
    </ClInclude>
    <ClInclude Include="..\..\src\animator\SkDrawPaint.h">
      <Filter>头文件</Filter>
    </ClInclude>
    <ClInclude Include="..\..\src\animator\SkDrawPath.h">
      <Filter>头文件</Filter>
    </ClInclude>
    <ClInclude Include="..\..\src\animator\SkDrawPoint.h">
      <Filter>头文件</Filter>
    </ClInclude>
    <ClInclude Include="..\..\src\animator\SkDrawRectangle.h">
      <Filter>头文件</Filter>
    </ClInclude>
    <ClInclude Include="..\..\src\animator\SkDrawSaveLayer.h">
      <Filter>头文件</Filter>
    </ClInclude>
    <ClInclude Include="..\..\src\animator\SkDrawShader.h">
      <Filter>头文件</Filter>
    </ClInclude>
    <ClInclude Include="..\..\src\animator\SkDrawText.h">
      <Filter>头文件</Filter>
    </ClInclude>
    <ClInclude Include="..\..\src\animator\SkDrawTextBox.h">
      <Filter>头文件</Filter>
    </ClInclude>
    <ClInclude Include="..\..\src\animator\SkDrawTo.h">
      <Filter>头文件</Filter>
    </ClInclude>
    <ClInclude Include="..\..\src\animator\SkDrawTransparentShader.h">
      <Filter>头文件</Filter>
    </ClInclude>
    <ClInclude Include="..\..\src\animator\SkDump.h">
      <Filter>头文件</Filter>
    </ClInclude>
    <ClInclude Include="..\..\src\animator\SkExtras.h">
      <Filter>头文件</Filter>
    </ClInclude>
    <ClInclude Include="..\..\src\animator\SkHitClear.h">
      <Filter>头文件</Filter>
    </ClInclude>
    <ClInclude Include="..\..\src\animator\SkHitTest.h">
      <Filter>头文件</Filter>
    </ClInclude>
    <ClInclude Include="..\..\src\animator\SkIntArray.h">
      <Filter>头文件</Filter>
    </ClInclude>
    <ClInclude Include="..\..\src\animator\SkMatrixParts.h">
      <Filter>头文件</Filter>
    </ClInclude>
    <ClInclude Include="..\..\src\animator\SkMemberInfo.h">
      <Filter>头文件</Filter>
    </ClInclude>
    <ClInclude Include="..\..\src\animator\SkOpArray.h">
      <Filter>头文件</Filter>
    </ClInclude>
    <ClInclude Include="..\..\src\animator\SkOperand.h">
      <Filter>头文件</Filter>
    </ClInclude>
    <ClInclude Include="..\..\src\animator\SkOperand2.h">
      <Filter>头文件</Filter>
    </ClInclude>
    <ClInclude Include="..\..\src\animator\SkOperandInterpolator.h">
      <Filter>头文件</Filter>
    </ClInclude>
    <ClInclude Include="..\..\src\animator\SkPaintParts.h">
      <Filter>头文件</Filter>
    </ClInclude>
    <ClInclude Include="..\..\src\animator\SkPathParts.h">
      <Filter>头文件</Filter>
    </ClInclude>
    <ClInclude Include="..\..\src\animator\SkPostParts.h">
      <Filter>头文件</Filter>
    </ClInclude>
    <ClInclude Include="..\..\src\animator\SkScript.h">
      <Filter>头文件</Filter>
    </ClInclude>
    <ClInclude Include="..\..\src\animator\SkScript2.h">
      <Filter>头文件</Filter>
    </ClInclude>
    <ClInclude Include="..\..\src\animator\SkScriptCallBack.h">
      <Filter>头文件</Filter>
    </ClInclude>
    <ClInclude Include="..\..\src\animator\SkScriptRuntime.h">
      <Filter>头文件</Filter>
    </ClInclude>
    <ClInclude Include="..\..\src\animator\SkSnapshot.h">
      <Filter>头文件</Filter>
    </ClInclude>
    <ClInclude Include="..\..\src\animator\SkTDArray_Experimental.h">
      <Filter>头文件</Filter>
    </ClInclude>
    <ClInclude Include="..\..\src\animator\SkTextOnPath.h">
      <Filter>头文件</Filter>
    </ClInclude>
    <ClInclude Include="..\..\src\animator\SkTextToPath.h">
      <Filter>头文件</Filter>
    </ClInclude>
    <ClInclude Include="..\..\src\animator\SkTypedArray.h">
      <Filter>头文件</Filter>
    </ClInclude>
    <ClInclude Include="..\..\src\animator\SkXMLAnimatorWriter.h">
      <Filter>头文件</Filter>
    </ClInclude>
  </ItemGroup>
  <ItemGroup>
    <ClCompile Include="..\..\src\animator\SkAnimateActive.cpp">
      <Filter>源文件</Filter>
    </ClCompile>
    <ClCompile Include="..\..\src\animator\SkAnimateBase.cpp">
      <Filter>源文件</Filter>
    </ClCompile>
    <ClCompile Include="..\..\src\animator\SkAnimateField.cpp">
      <Filter>源文件</Filter>
    </ClCompile>
    <ClCompile Include="..\..\src\animator\SkAnimateMaker.cpp">
      <Filter>源文件</Filter>
    </ClCompile>
    <ClCompile Include="..\..\src\animator\SkAnimateSet.cpp">
      <Filter>源文件</Filter>
    </ClCompile>
    <ClCompile Include="..\..\src\animator\SkAnimator.cpp">
      <Filter>源文件</Filter>
    </ClCompile>
    <ClCompile Include="..\..\src\animator\SkAnimatorScript.cpp">
      <Filter>源文件</Filter>
    </ClCompile>
    <ClCompile Include="..\..\src\animator\SkBase64.cpp">
      <Filter>源文件</Filter>
    </ClCompile>
    <ClCompile Include="..\..\src\animator\SkBoundable.cpp">
      <Filter>源文件</Filter>
    </ClCompile>
    <ClCompile Include="..\..\src\animator\SkBuildCondensedInfo.cpp">
      <Filter>源文件</Filter>
    </ClCompile>
    <ClCompile Include="..\..\src\animator\SkDisplayable.cpp">
      <Filter>源文件</Filter>
    </ClCompile>
    <ClCompile Include="..\..\src\animator\SkDisplayAdd.cpp">
      <Filter>源文件</Filter>
    </ClCompile>
    <ClCompile Include="..\..\src\animator\SkDisplayApply.cpp">
      <Filter>源文件</Filter>
    </ClCompile>
    <ClCompile Include="..\..\src\animator\SkDisplayBounds.cpp">
      <Filter>源文件</Filter>
    </ClCompile>
    <ClCompile Include="..\..\src\animator\SkDisplayEvent.cpp">
      <Filter>源文件</Filter>
    </ClCompile>
    <ClCompile Include="..\..\src\animator\SkDisplayEvents.cpp">
      <Filter>源文件</Filter>
    </ClCompile>
    <ClCompile Include="..\..\src\animator\SkDisplayInclude.cpp">
      <Filter>源文件</Filter>
    </ClCompile>
    <ClCompile Include="..\..\src\animator\SkDisplayInput.cpp">
      <Filter>源文件</Filter>
    </ClCompile>
    <ClCompile Include="..\..\src\animator\SkDisplayList.cpp">
      <Filter>源文件</Filter>
    </ClCompile>
    <ClCompile Include="..\..\src\animator\SkDisplayMath.cpp">
      <Filter>源文件</Filter>
    </ClCompile>
    <ClCompile Include="..\..\src\animator\SkDisplayMovie.cpp">
      <Filter>源文件</Filter>
    </ClCompile>
    <ClCompile Include="..\..\src\animator\SkDisplayNumber.cpp">
      <Filter>源文件</Filter>
    </ClCompile>
    <ClCompile Include="..\..\src\animator\SkDisplayPost.cpp">
      <Filter>源文件</Filter>
    </ClCompile>
    <ClCompile Include="..\..\src\animator\SkDisplayRandom.cpp">
      <Filter>源文件</Filter>
    </ClCompile>
    <ClCompile Include="..\..\src\animator\SkDisplayScreenplay.cpp">
      <Filter>源文件</Filter>
    </ClCompile>
    <ClCompile Include="..\..\src\animator\SkDisplayType.cpp">
      <Filter>源文件</Filter>
    </ClCompile>
    <ClCompile Include="..\..\src\animator\SkDisplayTypes.cpp">
      <Filter>源文件</Filter>
    </ClCompile>
    <ClCompile Include="..\..\src\animator\SkDisplayXMLParser.cpp">
      <Filter>源文件</Filter>
    </ClCompile>
    <ClCompile Include="..\..\src\animator\SkDraw3D.cpp">
      <Filter>源文件</Filter>
    </ClCompile>
    <ClCompile Include="..\..\src\animator\SkDrawable.cpp">
      <Filter>源文件</Filter>
    </ClCompile>
    <ClCompile Include="..\..\src\animator\SkDrawBitmap.cpp">
      <Filter>源文件</Filter>
    </ClCompile>
    <ClCompile Include="..\..\src\animator\SkDrawBlur.cpp">
      <Filter>源文件</Filter>
    </ClCompile>
    <ClCompile Include="..\..\src\animator\SkDrawClip.cpp">
      <Filter>源文件</Filter>
    </ClCompile>
    <ClCompile Include="..\..\src\animator\SkDrawColor.cpp">
      <Filter>源文件</Filter>
    </ClCompile>
    <ClCompile Include="..\..\src\animator\SkDrawDash.cpp">
      <Filter>源文件</Filter>
    </ClCompile>
    <ClCompile Include="..\..\src\animator\SkDrawDiscrete.cpp">
      <Filter>源文件</Filter>
    </ClCompile>
    <ClCompile Include="..\..\src\animator\SkDrawEmboss.cpp">
      <Filter>源文件</Filter>
    </ClCompile>
    <ClCompile Include="..\..\src\animator\SkDrawExtraPathEffect.cpp">
      <Filter>源文件</Filter>
    </ClCompile>
    <ClCompile Include="..\..\src\animator\SkDrawFull.cpp">
      <Filter>源文件</Filter>
    </ClCompile>
    <ClCompile Include="..\..\src\animator\SkDrawGradient.cpp">
      <Filter>源文件</Filter>
    </ClCompile>
    <ClCompile Include="..\..\src\animator\SkDrawGroup.cpp">
      <Filter>源文件</Filter>
    </ClCompile>
    <ClCompile Include="..\..\src\animator\SkDrawLine.cpp">
      <Filter>源文件</Filter>
    </ClCompile>
    <ClCompile Include="..\..\src\animator\SkDrawMatrix.cpp">
      <Filter>源文件</Filter>
    </ClCompile>
    <ClCompile Include="..\..\src\animator\SkDrawOval.cpp">
      <Filter>源文件</Filter>
    </ClCompile>
    <ClCompile Include="..\..\src\animator\SkDrawPaint.cpp">
      <Filter>源文件</Filter>
    </ClCompile>
    <ClCompile Include="..\..\src\animator\SkDrawPath.cpp">
      <Filter>源文件</Filter>
    </ClCompile>
    <ClCompile Include="..\..\src\animator\SkDrawPoint.cpp">
      <Filter>源文件</Filter>
    </ClCompile>
    <ClCompile Include="..\..\src\animator\SkDrawRectangle.cpp">
      <Filter>源文件</Filter>
    </ClCompile>
    <ClCompile Include="..\..\src\animator\SkDrawSaveLayer.cpp">
      <Filter>源文件</Filter>
    </ClCompile>
    <ClCompile Include="..\..\src\animator\SkDrawShader.cpp">
      <Filter>源文件</Filter>
    </ClCompile>
    <ClCompile Include="..\..\src\animator\SkDrawText.cpp">
      <Filter>源文件</Filter>
    </ClCompile>
    <ClCompile Include="..\..\src\animator\SkDrawTextBox.cpp">
      <Filter>源文件</Filter>
    </ClCompile>
    <ClCompile Include="..\..\src\animator\SkDrawTo.cpp">
      <Filter>源文件</Filter>
    </ClCompile>
    <ClCompile Include="..\..\src\animator\SkDrawTransparentShader.cpp">
      <Filter>源文件</Filter>
    </ClCompile>
    <ClCompile Include="..\..\src\animator\SkDump.cpp">
      <Filter>源文件</Filter>
    </ClCompile>
    <ClCompile Include="..\..\src\animator\SkGetCondensedInfo.cpp">
      <Filter>源文件</Filter>
    </ClCompile>
    <ClCompile Include="..\..\src\animator\SkHitClear.cpp">
      <Filter>源文件</Filter>
    </ClCompile>
    <ClCompile Include="..\..\src\animator\SkHitTest.cpp">
      <Filter>源文件</Filter>
    </ClCompile>
    <ClCompile Include="..\..\src\animator\SkMatrixParts.cpp">
      <Filter>源文件</Filter>
    </ClCompile>
    <ClCompile Include="..\..\src\animator\SkMemberInfo.cpp">
      <Filter>源文件</Filter>
    </ClCompile>
    <ClCompile Include="..\..\src\animator\SkOpArray.cpp">
      <Filter>源文件</Filter>
    </ClCompile>
    <ClCompile Include="..\..\src\animator\SkOperandIterpolator.cpp">
      <Filter>源文件</Filter>
    </ClCompile>
    <ClCompile Include="..\..\src\animator\SkPaintParts.cpp">
      <Filter>源文件</Filter>
    </ClCompile>
    <ClCompile Include="..\..\src\animator\SkParseSVGPath.cpp">
      <Filter>源文件</Filter>
    </ClCompile>
    <ClCompile Include="..\..\src\animator\SkPathParts.cpp">
      <Filter>源文件</Filter>
    </ClCompile>
    <ClCompile Include="..\..\src\animator\SkPostParts.cpp">
      <Filter>源文件</Filter>
    </ClCompile>
    <ClCompile Include="..\..\src\animator\SkScript.cpp">
      <Filter>源文件</Filter>
    </ClCompile>
    <ClCompile Include="..\..\src\animator\SkScriptDecompile.cpp">
      <Filter>源文件</Filter>
    </ClCompile>
    <ClCompile Include="..\..\src\animator\SkScriptRuntime.cpp">
      <Filter>源文件</Filter>
    </ClCompile>
    <ClCompile Include="..\..\src\animator\SkScriptTokenizer.cpp">
      <Filter>源文件</Filter>
    </ClCompile>
    <ClCompile Include="..\..\src\animator\SkSnapshot.cpp">
      <Filter>源文件</Filter>
    </ClCompile>
    <ClCompile Include="..\..\src\animator\SkTextOnPath.cpp">
      <Filter>源文件</Filter>
    </ClCompile>
    <ClCompile Include="..\..\src\animator\SkTextToPath.cpp">
      <Filter>源文件</Filter>
    </ClCompile>
    <ClCompile Include="..\..\src\animator\SkTime.cpp">
      <Filter>源文件</Filter>
    </ClCompile>
    <ClCompile Include="..\..\src\animator\SkTypedArray.cpp">
      <Filter>源文件</Filter>
    </ClCompile>
    <ClCompile Include="..\..\src\animator\SkXMLAnimatorWriter.cpp">
      <Filter>源文件</Filter>
    </ClCompile>
  </ItemGroup>
</Project>