
Microsoft Visual Studio Solution File, Format Version 10.00
# Visual Studio 2008
Project("{8BC9CEB8-8B4A-11D0-8D11-00A0C91BC942}") = "ASYS", "ASYS.vcproj", "{3604F287-2FC9-490A-838E-DF9CC76C5F05}"
EndProject
Global
	GlobalSection(SolutionConfigurationPlatforms) = preSolution
		Debug|Win32 = Debug|Win32
		Release|Win32 = Release|Win32
	EndGlobalSection
	GlobalSection(ProjectConfigurationPlatforms) = postSolution
		{3604F287-2FC9-490A-838E-DF9CC76C5F05}.Debug|Win32.ActiveCfg = Debug|Win32
		{3604F287-2FC9-490A-838E-DF9CC76C5F05}.Debug|Win32.Build.0 = Debug|Win32
		{3604F287-2FC9-490A-838E-DF9CC76C5F05}.Release|Win32.ActiveCfg = Release|Win32
		{3604F287-2FC9-490A-838E-DF9CC76C5F05}.Release|Win32.Build.0 = Release|Win32
	EndGlobalSection
	GlobalSection(SolutionProperties) = preSolution
		HideSolutionNode = FALSE
	EndGlobalSection
EndGlobal
