<?xml version="1.0" encoding="utf-8"?>
<Project ToolsVersion="4.0" xmlns="http://schemas.microsoft.com/developer/msbuild/2003">
  <ItemGroup>
    <Filter Include="源文件">
      <UniqueIdentifier>{4FC737F1-C7A5-4376-A066-2A32D752A2FF}</UniqueIdentifier>
      <Extensions>cpp;c;cc;cxx;def;odl;idl;hpj;bat;asm;asmx</Extensions>
    </Filter>
    <Filter Include="头文件">
      <UniqueIdentifier>{93995380-89BD-4b04-88EB-625FBE52EBFB}</UniqueIdentifier>
      <Extensions>h;hpp;hxx;hm;inl;inc;xsd</Extensions>
    </Filter>
  </ItemGroup>
  <ItemGroup>
    <ClInclude Include="..\..\third_party\glu\gluos.h">
      <Filter>头文件</Filter>
    </ClInclude>
    <ClInclude Include="..\..\third_party\glu\sk_glu.h">
      <Filter>头文件</Filter>
    </ClInclude>
    <ClInclude Include="..\..\third_party\glu\libtess\dict.h">
      <Filter>头文件</Filter>
    </ClInclude>
    <ClInclude Include="..\..\third_party\glu\libtess\dict-list.h">
      <Filter>头文件</Filter>
    </ClInclude>
    <ClInclude Include="..\..\third_party\glu\libtess\geom.h">
      <Filter>头文件</Filter>
    </ClInclude>
    <ClInclude Include="..\..\third_party\glu\libtess\memalloc.h">
      <Filter>头文件</Filter>
    </ClInclude>
    <ClInclude Include="..\..\third_party\glu\libtess\mesh.h">
      <Filter>头文件</Filter>
    </ClInclude>
    <ClInclude Include="..\..\third_party\glu\libtess\normal.h">
      <Filter>头文件</Filter>
    </ClInclude>
    <ClInclude Include="..\..\third_party\glu\libtess\priorityq.h">
      <Filter>头文件</Filter>
    </ClInclude>
    <ClInclude Include="..\..\third_party\glu\libtess\priorityq-heap.h">
      <Filter>头文件</Filter>
    </ClInclude>
    <ClInclude Include="..\..\third_party\glu\libtess\priorityq-sort.h">
      <Filter>头文件</Filter>
    </ClInclude>
    <ClInclude Include="..\..\third_party\glu\libtess\render.h">
      <Filter>头文件</Filter>
    </ClInclude>
    <ClInclude Include="..\..\third_party\glu\libtess\sweep.h">
      <Filter>头文件</Filter>
    </ClInclude>
    <ClInclude Include="..\..\third_party\glu\libtess\tess.h">
      <Filter>头文件</Filter>
    </ClInclude>
    <ClInclude Include="..\..\third_party\glu\libtess\tessmono.h">
      <Filter>头文件</Filter>
    </ClInclude>
  </ItemGroup>
  <ItemGroup>
    <ClCompile Include="..\..\third_party\glu\libtess\dict.c">
      <Filter>源文件</Filter>
    </ClCompile>
    <ClCompile Include="..\..\third_party\glu\libtess\geom.c">
      <Filter>源文件</Filter>
    </ClCompile>
    <ClCompile Include="..\..\third_party\glu\libtess\memalloc.c">
      <Filter>源文件</Filter>
    </ClCompile>
    <ClCompile Include="..\..\third_party\glu\libtess\mesh.c">
      <Filter>源文件</Filter>
    </ClCompile>
    <ClCompile Include="..\..\third_party\glu\libtess\normal.c">
      <Filter>源文件</Filter>
    </ClCompile>
    <ClCompile Include="..\..\third_party\glu\libtess\priorityq.c">
      <Filter>源文件</Filter>
    </ClCompile>
    <ClCompile Include="..\..\third_party\glu\libtess\render.c">
      <Filter>源文件</Filter>
    </ClCompile>
    <ClCompile Include="..\..\third_party\glu\libtess\sweep.c">
      <Filter>源文件</Filter>
    </ClCompile>
    <ClCompile Include="..\..\third_party\glu\libtess\tess.c">
      <Filter>源文件</Filter>
    </ClCompile>
    <ClCompile Include="..\..\third_party\glu\libtess\tessmono.c">
      <Filter>源文件</Filter>
    </ClCompile>
  </ItemGroup>
</Project>